// !$*UTF8*$!
{
	archiveVersion = 1;
	classes = {
	};
	objectVersion = 48;
	objects = {

/* Begin PBXBuildFile section */
		F639EA7A2026B7D10096A679 /* AuthService.swift in Sources */ = {isa = PBXBuildFile; fileRef = F639EA792026B7D10096A679 /* AuthService.swift */; };
		F673BD9420200A1500C8B1BA /* AppDelegate.swift in Sources */ = {isa = PBXBuildFile; fileRef = F673BD9320200A1500C8B1BA /* AppDelegate.swift */; };
		F673BD9920200A1500C8B1BA /* Main.storyboard in Resources */ = {isa = PBXBuildFile; fileRef = F673BD9720200A1500C8B1BA /* Main.storyboard */; };
		F673BD9B20200A1500C8B1BA /* Assets.xcassets in Resources */ = {isa = PBXBuildFile; fileRef = F673BD9A20200A1500C8B1BA /* Assets.xcassets */; };
		F673BD9E20200A1500C8B1BA /* LaunchScreen.storyboard in Resources */ = {isa = PBXBuildFile; fileRef = F673BD9C20200A1500C8B1BA /* LaunchScreen.storyboard */; };
		F673BDA92020114400C8B1BA /* SWRevealViewController.m in Sources */ = {isa = PBXBuildFile; fileRef = F673BDA82020114400C8B1BA /* SWRevealViewController.m */; };
		F673BDAE2020140700C8B1BA /* ChatVC.swift in Sources */ = {isa = PBXBuildFile; fileRef = F673BDAD2020140700C8B1BA /* ChatVC.swift */; };
		F673BDB02020141700C8B1BA /* ChannelVC.swift in Sources */ = {isa = PBXBuildFile; fileRef = F673BDAF2020141700C8B1BA /* ChannelVC.swift */; };
		F673BDB22022B60200C8B1BA /* GradientView.swift in Sources */ = {isa = PBXBuildFile; fileRef = F673BDB12022B60200C8B1BA /* GradientView.swift */; };
		F673BDB52022BE5E00C8B1BA /* Constants.swift in Sources */ = {isa = PBXBuildFile; fileRef = F673BDB42022BE5E00C8B1BA /* Constants.swift */; };
		F673BDB72022C1F500C8B1BA /* LoginVC.swift in Sources */ = {isa = PBXBuildFile; fileRef = F673BDB62022C1F500C8B1BA /* LoginVC.swift */; };
		F673BDB920240AE400C8B1BA /* CreateAccountVC.swift in Sources */ = {isa = PBXBuildFile; fileRef = F673BDB820240AE400C8B1BA /* CreateAccountVC.swift */; };
		F6851E4B20294DF200D23831 /* CircleImage.swift in Sources */ = {isa = PBXBuildFile; fileRef = F6851E4A20294DF200D23831 /* CircleImage.swift */; };
		F6851E4E202A9E7D00D23831 /* ProfileVC.swift in Sources */ = {isa = PBXBuildFile; fileRef = F6851E4C202A9E7D00D23831 /* ProfileVC.swift */; };
		F6851E4F202A9E7D00D23831 /* ProfileVC.xib in Resources */ = {isa = PBXBuildFile; fileRef = F6851E4D202A9E7D00D23831 /* ProfileVC.xib */; };
		F699F2382026C1D600334F08 /* RoundedButton.swift in Sources */ = {isa = PBXBuildFile; fileRef = F699F2372026C1D600334F08 /* RoundedButton.swift */; };
		F699F23A2027E74000334F08 /* UserDataService.swift in Sources */ = {isa = PBXBuildFile; fileRef = F699F2392027E74000334F08 /* UserDataService.swift */; };
		F699F23C2027F0A900334F08 /* AvatarPickerVC.swift in Sources */ = {isa = PBXBuildFile; fileRef = F699F23B2027F0A900334F08 /* AvatarPickerVC.swift */; };
		F699F23E2027F1EF00334F08 /* AvatarCell.swift in Sources */ = {isa = PBXBuildFile; fileRef = F699F23D2027F1EF00334F08 /* AvatarCell.swift */; };
		FB0D64B332DE74F865A8300A /* Pods_Smack.framework in Frameworks */ = {isa = PBXBuildFile; fileRef = 1EE932A77C0B235296BBEA60 /* Pods_Smack.framework */; };
/* End PBXBuildFile section */

/* Begin PBXFileReference section */
		1E01E1F287C77B0D8D8A81BD /* Pods-Smack.debug.xcconfig */ = {isa = PBXFileReference; includeInIndex = 1; lastKnownFileType = text.xcconfig; name = "Pods-Smack.debug.xcconfig"; path = "Pods/Target Support Files/Pods-Smack/Pods-Smack.debug.xcconfig"; sourceTree = "<group>"; };
		1EE932A77C0B235296BBEA60 /* Pods_Smack.framework */ = {isa = PBXFileReference; explicitFileType = wrapper.framework; includeInIndex = 0; path = Pods_Smack.framework; sourceTree = BUILT_PRODUCTS_DIR; };
		ABD7314EDEEB21B8C8134E4E /* Pods-Smack.release.xcconfig */ = {isa = PBXFileReference; includeInIndex = 1; lastKnownFileType = text.xcconfig; name = "Pods-Smack.release.xcconfig"; path = "Pods/Target Support Files/Pods-Smack/Pods-Smack.release.xcconfig"; sourceTree = "<group>"; };
		F639EA792026B7D10096A679 /* AuthService.swift */ = {isa = PBXFileReference; lastKnownFileType = sourcecode.swift; path = AuthService.swift; sourceTree = "<group>"; };
		F673BD9020200A1500C8B1BA /* Smack.app */ = {isa = PBXFileReference; explicitFileType = wrapper.application; includeInIndex = 0; path = Smack.app; sourceTree = BUILT_PRODUCTS_DIR; };
		F673BD9320200A1500C8B1BA /* AppDelegate.swift */ = {isa = PBXFileReference; lastKnownFileType = sourcecode.swift; path = AppDelegate.swift; sourceTree = "<group>"; };
		F673BD9820200A1500C8B1BA /* Base */ = {isa = PBXFileReference; lastKnownFileType = file.storyboard; name = Base; path = Base.lproj/Main.storyboard; sourceTree = "<group>"; };
		F673BD9A20200A1500C8B1BA /* Assets.xcassets */ = {isa = PBXFileReference; lastKnownFileType = folder.assetcatalog; path = Assets.xcassets; sourceTree = "<group>"; };
		F673BD9D20200A1500C8B1BA /* Base */ = {isa = PBXFileReference; lastKnownFileType = file.storyboard; name = Base; path = Base.lproj/LaunchScreen.storyboard; sourceTree = "<group>"; };
		F673BD9F20200A1500C8B1BA /* Info.plist */ = {isa = PBXFileReference; lastKnownFileType = text.plist.xml; path = Info.plist; sourceTree = "<group>"; };
		F673BDA62020114300C8B1BA /* Smack-Bridging-Header.h */ = {isa = PBXFileReference; lastKnownFileType = sourcecode.c.h; path = "Smack-Bridging-Header.h"; sourceTree = "<group>"; };
		F673BDA72020114400C8B1BA /* SWRevealViewController.h */ = {isa = PBXFileReference; fileEncoding = 4; lastKnownFileType = sourcecode.c.h; path = SWRevealViewController.h; sourceTree = "<group>"; };
		F673BDA82020114400C8B1BA /* SWRevealViewController.m */ = {isa = PBXFileReference; fileEncoding = 4; lastKnownFileType = sourcecode.c.objc; path = SWRevealViewController.m; sourceTree = "<group>"; };
		F673BDAD2020140700C8B1BA /* ChatVC.swift */ = {isa = PBXFileReference; lastKnownFileType = sourcecode.swift; path = ChatVC.swift; sourceTree = "<group>"; };
		F673BDAF2020141700C8B1BA /* ChannelVC.swift */ = {isa = PBXFileReference; lastKnownFileType = sourcecode.swift; path = ChannelVC.swift; sourceTree = "<group>"; };
		F673BDB12022B60200C8B1BA /* GradientView.swift */ = {isa = PBXFileReference; lastKnownFileType = sourcecode.swift; path = GradientView.swift; sourceTree = "<group>"; };
		F673BDB42022BE5E00C8B1BA /* Constants.swift */ = {isa = PBXFileReference; lastKnownFileType = sourcecode.swift; path = Constants.swift; sourceTree = "<group>"; };
		F673BDB62022C1F500C8B1BA /* LoginVC.swift */ = {isa = PBXFileReference; lastKnownFileType = sourcecode.swift; path = LoginVC.swift; sourceTree = "<group>"; };
		F673BDB820240AE400C8B1BA /* CreateAccountVC.swift */ = {isa = PBXFileReference; lastKnownFileType = sourcecode.swift; path = CreateAccountVC.swift; sourceTree = "<group>"; };
		F6851E4A20294DF200D23831 /* CircleImage.swift */ = {isa = PBXFileReference; lastKnownFileType = sourcecode.swift; path = CircleImage.swift; sourceTree = "<group>"; };
		F6851E4C202A9E7D00D23831 /* ProfileVC.swift */ = {isa = PBXFileReference; lastKnownFileType = sourcecode.swift; path = ProfileVC.swift; sourceTree = "<group>"; };
		F6851E4D202A9E7D00D23831 /* ProfileVC.xib */ = {isa = PBXFileReference; lastKnownFileType = file.xib; path = ProfileVC.xib; sourceTree = "<group>"; };
		F699F2372026C1D600334F08 /* RoundedButton.swift */ = {isa = PBXFileReference; lastKnownFileType = sourcecode.swift; path = RoundedButton.swift; sourceTree = "<group>"; };
		F699F2392027E74000334F08 /* UserDataService.swift */ = {isa = PBXFileReference; lastKnownFileType = sourcecode.swift; path = UserDataService.swift; sourceTree = "<group>"; };
		F699F23B2027F0A900334F08 /* AvatarPickerVC.swift */ = {isa = PBXFileReference; lastKnownFileType = sourcecode.swift; path = AvatarPickerVC.swift; sourceTree = "<group>"; };
		F699F23D2027F1EF00334F08 /* AvatarCell.swift */ = {isa = PBXFileReference; lastKnownFileType = sourcecode.swift; path = AvatarCell.swift; sourceTree = "<group>"; };
/* End PBXFileReference section */

/* Begin PBXFrameworksBuildPhase section */
		F673BD8D20200A1500C8B1BA /* Frameworks */ = {
			isa = PBXFrameworksBuildPhase;
			buildActionMask = 2147483647;
			files = (
				FB0D64B332DE74F865A8300A /* Pods_Smack.framework in Frameworks */,
			);
			runOnlyForDeploymentPostprocessing = 0;
		};
/* End PBXFrameworksBuildPhase section */

/* Begin PBXGroup section */
		552601F9A34157DF2F0C8C3D /* Pods */ = {
			isa = PBXGroup;
			children = (
				1E01E1F287C77B0D8D8A81BD /* Pods-Smack.debug.xcconfig */,
				ABD7314EDEEB21B8C8134E4E /* Pods-Smack.release.xcconfig */,
			);
			name = Pods;
			sourceTree = "<group>";
		};
		965452B9AA5D71C8047F62CC /* Frameworks */ = {
			isa = PBXGroup;
			children = (
				1EE932A77C0B235296BBEA60 /* Pods_Smack.framework */,
			);
			name = Frameworks;
			sourceTree = "<group>";
		};
		F639EA782026B7BD0096A679 /* Services */ = {
			isa = PBXGroup;
			children = (
				F639EA792026B7D10096A679 /* AuthService.swift */,
				F699F2392027E74000334F08 /* UserDataService.swift */,
			);
			path = Services;
			sourceTree = "<group>";
		};
		F673BD8720200A1500C8B1BA = {
			isa = PBXGroup;
			children = (
				F673BD9220200A1500C8B1BA /* Smack */,
				F673BD9120200A1500C8B1BA /* Products */,
				552601F9A34157DF2F0C8C3D /* Pods */,
				965452B9AA5D71C8047F62CC /* Frameworks */,
			);
			sourceTree = "<group>";
		};
		F673BD9120200A1500C8B1BA /* Products */ = {
			isa = PBXGroup;
			children = (
				F673BD9020200A1500C8B1BA /* Smack.app */,
			);
			name = Products;
			sourceTree = "<group>";
		};
		F673BD9220200A1500C8B1BA /* Smack */ = {
			isa = PBXGroup;
			children = (
				F6851E50202A9E9B00D23831 /* XIBs */,
				F639EA782026B7BD0096A679 /* Services */,
				F673BDB32022BE4D00C8B1BA /* Utilities */,
				F673BDAC202013E500C8B1BA /* Model */,
				F673BDAB202013DD00C8B1BA /* View */,
				F673BDAA202013D500C8B1BA /* Controller */,
				F673BDA52020112500C8B1BA /* Supporting Files */,
				F673BD9320200A1500C8B1BA /* AppDelegate.swift */,
				F673BD9720200A1500C8B1BA /* Main.storyboard */,
				F673BD9A20200A1500C8B1BA /* Assets.xcassets */,
				F673BD9C20200A1500C8B1BA /* LaunchScreen.storyboard */,
				F673BD9F20200A1500C8B1BA /* Info.plist */,
			);
			path = Smack;
			sourceTree = "<group>";
		};
		F673BDA52020112500C8B1BA /* Supporting Files */ = {
			isa = PBXGroup;
			children = (
				F673BDA72020114400C8B1BA /* SWRevealViewController.h */,
				F673BDA82020114400C8B1BA /* SWRevealViewController.m */,
				F673BDA62020114300C8B1BA /* Smack-Bridging-Header.h */,
			);
			path = "Supporting Files";
			sourceTree = "<group>";
		};
		F673BDAA202013D500C8B1BA /* Controller */ = {
			isa = PBXGroup;
			children = (
				F673BDAD2020140700C8B1BA /* ChatVC.swift */,
				F673BDAF2020141700C8B1BA /* ChannelVC.swift */,
				F673BDB62022C1F500C8B1BA /* LoginVC.swift */,
				F673BDB820240AE400C8B1BA /* CreateAccountVC.swift */,
				F699F23B2027F0A900334F08 /* AvatarPickerVC.swift */,
				F6851E4C202A9E7D00D23831 /* ProfileVC.swift */,
			);
			path = Controller;
			sourceTree = "<group>";
		};
		F673BDAB202013DD00C8B1BA /* View */ = {
			isa = PBXGroup;
			children = (
				F673BDB12022B60200C8B1BA /* GradientView.swift */,
				F699F2372026C1D600334F08 /* RoundedButton.swift */,
				F699F23D2027F1EF00334F08 /* AvatarCell.swift */,
				F6851E4A20294DF200D23831 /* CircleImage.swift */,
			);
			path = View;
			sourceTree = "<group>";
		};
		F673BDAC202013E500C8B1BA /* Model */ = {
			isa = PBXGroup;
			children = (
			);
			path = Model;
			sourceTree = "<group>";
		};
		F673BDB32022BE4D00C8B1BA /* Utilities */ = {
			isa = PBXGroup;
			children = (
				F673BDB42022BE5E00C8B1BA /* Constants.swift */,
			);
			path = Utilities;
			sourceTree = "<group>";
		};
		F6851E50202A9E9B00D23831 /* XIBs */ = {
			isa = PBXGroup;
			children = (
				F6851E4D202A9E7D00D23831 /* ProfileVC.xib */,
			);
			path = XIBs;
			sourceTree = "<group>";
		};
/* End PBXGroup section */

/* Begin PBXNativeTarget section */
		F673BD8F20200A1500C8B1BA /* Smack */ = {
			isa = PBXNativeTarget;
			buildConfigurationList = F673BDA220200A1500C8B1BA /* Build configuration list for PBXNativeTarget "Smack" */;
			buildPhases = (
				8DFF3323A64A0D685D19D980 /* [CP] Check Pods Manifest.lock */,
				F673BD8C20200A1500C8B1BA /* Sources */,
				F673BD8D20200A1500C8B1BA /* Frameworks */,
				F673BD8E20200A1500C8B1BA /* Resources */,
				4CF280BBA6F2D8129E5C1A6A /* [CP] Embed Pods Frameworks */,
				EF3BB7D711F18E6E2C8CB824 /* [CP] Copy Pods Resources */,
			);
			buildRules = (
			);
			dependencies = (
			);
			name = Smack;
			productName = Smack;
			productReference = F673BD9020200A1500C8B1BA /* Smack.app */;
			productType = "com.apple.product-type.application";
		};
/* End PBXNativeTarget section */

/* Begin PBXProject section */
		F673BD8820200A1500C8B1BA /* Project object */ = {
			isa = PBXProject;
			attributes = {
				LastSwiftUpdateCheck = 0920;
				LastUpgradeCheck = 0920;
				ORGANIZATIONNAME = "Ricardo Herrera Petit";
				TargetAttributes = {
					F673BD8F20200A1500C8B1BA = {
						CreatedOnToolsVersion = 9.2;
						LastSwiftMigration = 0920;
						ProvisioningStyle = Automatic;
					};
				};
			};
			buildConfigurationList = F673BD8B20200A1500C8B1BA /* Build configuration list for PBXProject "Smack" */;
			compatibilityVersion = "Xcode 8.0";
			developmentRegion = en;
			hasScannedForEncodings = 0;
			knownRegions = (
				en,
				Base,
			);
			mainGroup = F673BD8720200A1500C8B1BA;
			productRefGroup = F673BD9120200A1500C8B1BA /* Products */;
			projectDirPath = "";
			projectRoot = "";
			targets = (
				F673BD8F20200A1500C8B1BA /* Smack */,
			);
		};
/* End PBXProject section */

/* Begin PBXResourcesBuildPhase section */
		F673BD8E20200A1500C8B1BA /* Resources */ = {
			isa = PBXResourcesBuildPhase;
			buildActionMask = 2147483647;
			files = (
				F6851E4F202A9E7D00D23831 /* ProfileVC.xib in Resources */,
				F673BD9E20200A1500C8B1BA /* LaunchScreen.storyboard in Resources */,
				F673BD9B20200A1500C8B1BA /* Assets.xcassets in Resources */,
				F673BD9920200A1500C8B1BA /* Main.storyboard in Resources */,
			);
			runOnlyForDeploymentPostprocessing = 0;
		};
/* End PBXResourcesBuildPhase section */

/* Begin PBXShellScriptBuildPhase section */
		4CF280BBA6F2D8129E5C1A6A /* [CP] Embed Pods Frameworks */ = {
			isa = PBXShellScriptBuildPhase;
			buildActionMask = 2147483647;
			files = (
			);
			inputPaths = (
				"${SRCROOT}/Pods/Target Support Files/Pods-Smack/Pods-Smack-frameworks.sh",
				"${BUILT_PRODUCTS_DIR}/Alamofire/Alamofire.framework",
				"${BUILT_PRODUCTS_DIR}/Socket.IO-Client-Swift/SocketIO.framework",
				"${BUILT_PRODUCTS_DIR}/StarscreamSocketIO/StarscreamSocketIO.framework",
				"${BUILT_PRODUCTS_DIR}/SwiftyJSON/SwiftyJSON.framework",
			);
			name = "[CP] Embed Pods Frameworks";
			outputPaths = (
				"${TARGET_BUILD_DIR}/${FRAMEWORKS_FOLDER_PATH}/Alamofire.framework",
				"${TARGET_BUILD_DIR}/${FRAMEWORKS_FOLDER_PATH}/SocketIO.framework",
				"${TARGET_BUILD_DIR}/${FRAMEWORKS_FOLDER_PATH}/StarscreamSocketIO.framework",
				"${TARGET_BUILD_DIR}/${FRAMEWORKS_FOLDER_PATH}/SwiftyJSON.framework",
			);
			runOnlyForDeploymentPostprocessing = 0;
			shellPath = /bin/sh;
			shellScript = "\"${SRCROOT}/Pods/Target Support Files/Pods-Smack/Pods-Smack-frameworks.sh\"\n";
			showEnvVarsInLog = 0;
		};
		8DFF3323A64A0D685D19D980 /* [CP] Check Pods Manifest.lock */ = {
			isa = PBXShellScriptBuildPhase;
			buildActionMask = 2147483647;
			files = (
			);
			inputPaths = (
				"${PODS_PODFILE_DIR_PATH}/Podfile.lock",
				"${PODS_ROOT}/Manifest.lock",
			);
			name = "[CP] Check Pods Manifest.lock";
			outputPaths = (
				"$(DERIVED_FILE_DIR)/Pods-Smack-checkManifestLockResult.txt",
			);
			runOnlyForDeploymentPostprocessing = 0;
			shellPath = /bin/sh;
			shellScript = "diff \"${PODS_PODFILE_DIR_PATH}/Podfile.lock\" \"${PODS_ROOT}/Manifest.lock\" > /dev/null\nif [ $? != 0 ] ; then\n    # print error to STDERR\n    echo \"error: The sandbox is not in sync with the Podfile.lock. Run 'pod install' or update your CocoaPods installation.\" >&2\n    exit 1\nfi\n# This output is used by Xcode 'outputs' to avoid re-running this script phase.\necho \"SUCCESS\" > \"${SCRIPT_OUTPUT_FILE_0}\"\n";
			showEnvVarsInLog = 0;
		};
		EF3BB7D711F18E6E2C8CB824 /* [CP] Copy Pods Resources */ = {
			isa = PBXShellScriptBuildPhase;
			buildActionMask = 2147483647;
			files = (
			);
			inputPaths = (
			);
			name = "[CP] Copy Pods Resources";
			outputPaths = (
			);
			runOnlyForDeploymentPostprocessing = 0;
			shellPath = /bin/sh;
			shellScript = "\"${SRCROOT}/Pods/Target Support Files/Pods-Smack/Pods-Smack-resources.sh\"\n";
			showEnvVarsInLog = 0;
		};
/* End PBXShellScriptBuildPhase section */

/* Begin PBXSourcesBuildPhase section */
		F673BD8C20200A1500C8B1BA /* Sources */ = {
			isa = PBXSourcesBuildPhase;
			buildActionMask = 2147483647;
			files = (
				F6851E4E202A9E7D00D23831 /* ProfileVC.swift in Sources */,
				F673BDB02020141700C8B1BA /* ChannelVC.swift in Sources */,
				F699F23C2027F0A900334F08 /* AvatarPickerVC.swift in Sources */,
				F699F2382026C1D600334F08 /* RoundedButton.swift in Sources */,
				F6851E4B20294DF200D23831 /* CircleImage.swift in Sources */,
				F673BDB52022BE5E00C8B1BA /* Constants.swift in Sources */,
				F699F23A2027E74000334F08 /* UserDataService.swift in Sources */,
				F673BDB920240AE400C8B1BA /* CreateAccountVC.swift in Sources */,
				F673BDB72022C1F500C8B1BA /* LoginVC.swift in Sources */,
				F673BDAE2020140700C8B1BA /* ChatVC.swift in Sources */,
				F673BDB22022B60200C8B1BA /* GradientView.swift in Sources */,
				F699F23E2027F1EF00334F08 /* AvatarCell.swift in Sources */,
				F673BD9420200A1500C8B1BA /* AppDelegate.swift in Sources */,
				F639EA7A2026B7D10096A679 /* AuthService.swift in Sources */,
				F673BDA92020114400C8B1BA /* SWRevealViewController.m in Sources */,
			);
			runOnlyForDeploymentPostprocessing = 0;
		};
/* End PBXSourcesBuildPhase section */

/* Begin PBXVariantGroup section */
		F673BD9720200A1500C8B1BA /* Main.storyboard */ = {
			isa = PBXVariantGroup;
			children = (
				F673BD9820200A1500C8B1BA /* Base */,
			);
			name = Main.storyboard;
			sourceTree = "<group>";
		};
		F673BD9C20200A1500C8B1BA /* LaunchScreen.storyboard */ = {
			isa = PBXVariantGroup;
			children = (
				F673BD9D20200A1500C8B1BA /* Base */,
			);
			name = LaunchScreen.storyboard;
			sourceTree = "<group>";
		};
/* End PBXVariantGroup section */

/* Begin XCBuildConfiguration section */
		F673BDA020200A1500C8B1BA /* Debug */ = {
			isa = XCBuildConfiguration;
			buildSettings = {
				ALWAYS_SEARCH_USER_PATHS = NO;
				CLANG_ANALYZER_NONNULL = YES;
				CLANG_ANALYZER_NUMBER_OBJECT_CONVERSION = YES_AGGRESSIVE;
				CLANG_CXX_LANGUAGE_STANDARD = "gnu++14";
				CLANG_CXX_LIBRARY = "libc++";
				CLANG_ENABLE_MODULES = YES;
				CLANG_ENABLE_OBJC_ARC = YES;
				CLANG_WARN_BLOCK_CAPTURE_AUTORELEASING = YES;
				CLANG_WARN_BOOL_CONVERSION = YES;
				CLANG_WARN_COMMA = YES;
				CLANG_WARN_CONSTANT_CONVERSION = YES;
				CLANG_WARN_DIRECT_OBJC_ISA_USAGE = YES_ERROR;
				CLANG_WARN_DOCUMENTATION_COMMENTS = YES;
				CLANG_WARN_EMPTY_BODY = YES;
				CLANG_WARN_ENUM_CONVERSION = YES;
				CLANG_WARN_INFINITE_RECURSION = YES;
				CLANG_WARN_INT_CONVERSION = YES;
				CLANG_WARN_NON_LITERAL_NULL_CONVERSION = YES;
				CLANG_WARN_OBJC_LITERAL_CONVERSION = YES;
				CLANG_WARN_OBJC_ROOT_CLASS = YES_ERROR;
				CLANG_WARN_RANGE_LOOP_ANALYSIS = YES;
				CLANG_WARN_STRICT_PROTOTYPES = YES;
				CLANG_WARN_SUSPICIOUS_MOVE = YES;
				CLANG_WARN_UNGUARDED_AVAILABILITY = YES_AGGRESSIVE;
				CLANG_WARN_UNREACHABLE_CODE = YES;
				CLANG_WARN__DUPLICATE_METHOD_MATCH = YES;
				CODE_SIGN_IDENTITY = "iPhone Developer";
				COPY_PHASE_STRIP = NO;
				DEBUG_INFORMATION_FORMAT = dwarf;
				ENABLE_STRICT_OBJC_MSGSEND = YES;
				ENABLE_TESTABILITY = YES;
				GCC_C_LANGUAGE_STANDARD = gnu11;
				GCC_DYNAMIC_NO_PIC = NO;
				GCC_NO_COMMON_BLOCKS = YES;
				GCC_OPTIMIZATION_LEVEL = 0;
				GCC_PREPROCESSOR_DEFINITIONS = (
					"DEBUG=1",
					"$(inherited)",
				);
				GCC_WARN_64_TO_32_BIT_CONVERSION = YES;
				GCC_WARN_ABOUT_RETURN_TYPE = YES_ERROR;
				GCC_WARN_UNDECLARED_SELECTOR = YES;
				GCC_WARN_UNINITIALIZED_AUTOS = YES_AGGRESSIVE;
				GCC_WARN_UNUSED_FUNCTION = YES;
				GCC_WARN_UNUSED_VARIABLE = YES;
				IPHONEOS_DEPLOYMENT_TARGET = 11.2;
				MTL_ENABLE_DEBUG_INFO = YES;
				ONLY_ACTIVE_ARCH = YES;
				SDKROOT = iphoneos;
				SWIFT_ACTIVE_COMPILATION_CONDITIONS = DEBUG;
				SWIFT_OPTIMIZATION_LEVEL = "-Onone";
			};
			name = Debug;
		};
		F673BDA120200A1500C8B1BA /* Release */ = {
			isa = XCBuildConfiguration;
			buildSettings = {
				ALWAYS_SEARCH_USER_PATHS = NO;
				CLANG_ANALYZER_NONNULL = YES;
				CLANG_ANALYZER_NUMBER_OBJECT_CONVERSION = YES_AGGRESSIVE;
				CLANG_CXX_LANGUAGE_STANDARD = "gnu++14";
				CLANG_CXX_LIBRARY = "libc++";
				CLANG_ENABLE_MODULES = YES;
				CLANG_ENABLE_OBJC_ARC = YES;
				CLANG_WARN_BLOCK_CAPTURE_AUTORELEASING = YES;
				CLANG_WARN_BOOL_CONVERSION = YES;
				CLANG_WARN_COMMA = YES;
				CLANG_WARN_CONSTANT_CONVERSION = YES;
				CLANG_WARN_DIRECT_OBJC_ISA_USAGE = YES_ERROR;
				CLANG_WARN_DOCUMENTATION_COMMENTS = YES;
				CLANG_WARN_EMPTY_BODY = YES;
				CLANG_WARN_ENUM_CONVERSION = YES;
				CLANG_WARN_INFINITE_RECURSION = YES;
				CLANG_WARN_INT_CONVERSION = YES;
				CLANG_WARN_NON_LITERAL_NULL_CONVERSION = YES;
				CLANG_WARN_OBJC_LITERAL_CONVERSION = YES;
				CLANG_WARN_OBJC_ROOT_CLASS = YES_ERROR;
				CLANG_WARN_RANGE_LOOP_ANALYSIS = YES;
				CLANG_WARN_STRICT_PROTOTYPES = YES;
				CLANG_WARN_SUSPICIOUS_MOVE = YES;
				CLANG_WARN_UNGUARDED_AVAILABILITY = YES_AGGRESSIVE;
				CLANG_WARN_UNREACHABLE_CODE = YES;
				CLANG_WARN__DUPLICATE_METHOD_MATCH = YES;
				CODE_SIGN_IDENTITY = "iPhone Developer";
				COPY_PHASE_STRIP = NO;
				DEBUG_INFORMATION_FORMAT = "dwarf-with-dsym";
				ENABLE_NS_ASSERTIONS = NO;
				ENABLE_STRICT_OBJC_MSGSEND = YES;
				GCC_C_LANGUAGE_STANDARD = gnu11;
				GCC_NO_COMMON_BLOCKS = YES;
				GCC_WARN_64_TO_32_BIT_CONVERSION = YES;
				GCC_WARN_ABOUT_RETURN_TYPE = YES_ERROR;
				GCC_WARN_UNDECLARED_SELECTOR = YES;
				GCC_WARN_UNINITIALIZED_AUTOS = YES_AGGRESSIVE;
				GCC_WARN_UNUSED_FUNCTION = YES;
				GCC_WARN_UNUSED_VARIABLE = YES;
				IPHONEOS_DEPLOYMENT_TARGET = 11.2;
				MTL_ENABLE_DEBUG_INFO = NO;
				SDKROOT = iphoneos;
				SWIFT_OPTIMIZATION_LEVEL = "-Owholemodule";
				VALIDATE_PRODUCT = YES;
			};
			name = Release;
		};
		F673BDA320200A1500C8B1BA /* Debug */ = {
			isa = XCBuildConfiguration;
			baseConfigurationReference = 1E01E1F287C77B0D8D8A81BD /* Pods-Smack.debug.xcconfig */;
			buildSettings = {
				ASSETCATALOG_COMPILER_APPICON_NAME = AppIcon;
				CLANG_ENABLE_MODULES = YES;
				CODE_SIGN_STYLE = Automatic;
				DEVELOPMENT_TEAM = AMLYNCKP6M;
				INFOPLIST_FILE = Smack/Info.plist;
				LD_RUNPATH_SEARCH_PATHS = "$(inherited) @executable_path/Frameworks";
				PRODUCT_BUNDLE_IDENTIFIER = petitcoding.com.Smack;
				PRODUCT_NAME = "$(TARGET_NAME)";
				SWIFT_OBJC_BRIDGING_HEADER = "Smack/Supporting Files/Smack-Bridging-Header.h";
				SWIFT_OPTIMIZATION_LEVEL = "-Onone";
				SWIFT_VERSION = 4.0;
				TARGETED_DEVICE_FAMILY = "1,2";
			};
			name = Debug;
		};
		F673BDA420200A1500C8B1BA /* Release */ = {
			isa = XCBuildConfiguration;
			baseConfigurationReference = ABD7314EDEEB21B8C8134E4E /* Pods-Smack.release.xcconfig */;
			buildSettings = {
				ASSETCATALOG_COMPILER_APPICON_NAME = AppIcon;
				CLANG_ENABLE_MODULES = YES;
				CODE_SIGN_STYLE = Automatic;
				DEVELOPMENT_TEAM = AMLYNCKP6M;
				INFOPLIST_FILE = Smack/Info.plist;
				LD_RUNPATH_SEARCH_PATHS = "$(inherited) @executable_path/Frameworks";
				PRODUCT_BUNDLE_IDENTIFIER = petitcoding.com.Smack;
				PRODUCT_NAME = "$(TARGET_NAME)";
				SWIFT_OBJC_BRIDGING_HEADER = "Smack/Supporting Files/Smack-Bridging-Header.h";
				SWIFT_VERSION = 4.0;
				TARGETED_DEVICE_FAMILY = "1,2";
			};
			name = Release;
		};
/* End XCBuildConfiguration section */

/* Begin XCConfigurationList section */
		F673BD8B20200A1500C8B1BA /* Build configuration list for PBXProject "Smack" */ = {
			isa = XCConfigurationList;
			buildConfigurations = (
				F673BDA020200A1500C8B1BA /* Debug */,
				F673BDA120200A1500C8B1BA /* Release */,
			);
			defaultConfigurationIsVisible = 0;
			defaultConfigurationName = Release;
		};
		F673BDA220200A1500C8B1BA /* Build configuration list for PBXNativeTarget "Smack" */ = {
			isa = XCConfigurationList;
			buildConfigurations = (
				F673BDA320200A1500C8B1BA /* Debug */,
				F673BDA420200A1500C8B1BA /* Release */,
			);
			defaultConfigurationIsVisible = 0;
			defaultConfigurationName = Release;
		};
/* End XCConfigurationList section */
	};
	rootObject = F673BD8820200A1500C8B1BA /* Project object */;
}
